
Microsoft Visual Studio Solution File, Format Version 12.00
# Visual Studio 15
VisualStudioVersion = 15.0.27703.1
MinimumVisualStudioVersion = 10.0.40219.1
Project("{FAE04EC0-301F-11D3-BF4B-00C04F79EFBC}") = "ServiceLib.Test", "ServiceLib.Test\ServiceLib.Test.csproj", "{87A4A079-B611-4747-AB8B-B5365828247B}"
EndProject
Project("{FAE04EC0-301F-11D3-BF4B-00C04F79EFBC}") = "ServiceLib", "ServiceLib\ServiceLib.csproj", "{E2063701-0767-48C9-9A3C-40428EB591D8}"
EndProject
Global
	GlobalSection(SolutionConfigurationPlatforms) = preSolution
		Debug|Any CPU = Debug|Any CPU
		Release|Any CPU = Release|Any CPU
	EndGlobalSection
	GlobalSection(ProjectConfigurationPlatforms) = postSolution
		{87A4A079-B611-4747-AB8B-B5365828247B}.Debug|Any CPU.ActiveCfg = Debug|Any CPU
		{87A4A079-B611-4747-AB8B-B5365828247B}.Debug|Any CPU.Build.0 = Debug|Any CPU
		{87A4A079-B611-4747-AB8B-B5365828247B}.Release|Any CPU.ActiveCfg = Release|Any CPU
		{87A4A079-B611-4747-AB8B-B5365828247B}.Release|Any CPU.Build.0 = Release|Any CPU
		{E2063701-0767-48C9-9A3C-40428EB591D8}.Debug|Any CPU.ActiveCfg = Debug|Any CPU
		{E2063701-0767-48C9-9A3C-40428EB591D8}.Debug|Any CPU.Build.0 = Debug|Any CPU
		{E2063701-0767-48C9-9A3C-40428EB591D8}.Release|Any CPU.ActiveCfg = Release|Any CPU
		{E2063701-0767-48C9-9A3C-40428EB591D8}.Release|Any CPU.Build.0 = Release|Any CPU
	EndGlobalSection
	GlobalSection(SolutionProperties) = preSolution
		HideSolutionNode = FALSE
	EndGlobalSection
	GlobalSection(ExtensibilityGlobals) = postSolution
		SolutionGuid = {0E5684EE-FB46-4E25-B2DD-66A4E3819BD1}
	EndGlobalSection
EndGlobal
